
Microsoft Visual Studio Solution File, Format Version 12.00
# Visual Studio Version 17
VisualStudioVersion = 17.8.34330.188
MinimumVisualStudioVersion = 10.0.40219.1
Project("{9A19103F-16F7-4668-BE54-9A1E7A4F7556}") = "RentACarProject", "RentACarProject\RentACarProject.csproj", "{39B5EE31-4A9C-494E-9890-3243376DE380}"
EndProject
Global
	GlobalSection(SolutionConfigurationPlatforms) = preSolution
		Debug|Any CPU = Debug|Any CPU
		Release|Any CPU = Release|Any CPU
	EndGlobalSection
	GlobalSection(ProjectConfigurationPlatforms) = postSolution
		{39B5EE31-4A9C-494E-9890-3243376DE380}.Debug|Any CPU.ActiveCfg = Debug|Any CPU
		{39B5EE31-4A9C-494E-9890-3243376DE380}.Debug|Any CPU.Build.0 = Debug|Any CPU
		{39B5EE31-4A9C-494E-9890-3243376DE380}.Release|Any CPU.ActiveCfg = Release|Any CPU
		{39B5EE31-4A9C-494E-9890-3243376DE380}.Release|Any CPU.Build.0 = Release|Any CPU
	EndGlobalSection
	GlobalSection(SolutionProperties) = preSolution
		HideSolutionNode = FALSE
	EndGlobalSection
	GlobalSection(ExtensibilityGlobals) = postSolution
		SolutionGuid = {FC10FB15-8293-42B5-936D-DB5E2AA227FD}
	EndGlobalSection
EndGlobal
